
Microsoft Visual Studio Solution File, Format Version 12.00
# Visual Studio Version 16
VisualStudioVersion = 16.0.30225.117
MinimumVisualStudioVersion = 10.0.40219.1
Project("{FAE04EC0-301F-11D3-BF4B-00C04F79EFBC}") = "PayGuardAdmin", "PayGuardAdmin.csproj", "{345D4AC8-1E22-4C0D-9BCB-385C7DC3B5BD}"
EndProject
Project("{FAE04EC0-301F-11D3-BF4B-00C04F79EFBC}") = "PayGuardClient", "..\PayGuardClient\PayGuardClient.csproj", "{2EE815EA-9500-48D5-8C7E-50127E53F1F1}"
EndProject
Global
	GlobalSection(SolutionConfigurationPlatforms) = preSolution
		Debug|Any CPU = Debug|Any CPU
		Release|Any CPU = Release|Any CPU
	EndGlobalSection
	GlobalSection(ProjectConfigurationPlatforms) = postSolution
		{345D4AC8-1E22-4C0D-9BCB-385C7DC3B5BD}.Debug|Any CPU.ActiveCfg = Debug|Any CPU
		{345D4AC8-1E22-4C0D-9BCB-385C7DC3B5BD}.Debug|Any CPU.Build.0 = Debug|Any CPU
		{345D4AC8-1E22-4C0D-9BCB-385C7DC3B5BD}.Release|Any CPU.ActiveCfg = Release|Any CPU
		{345D4AC8-1E22-4C0D-9BCB-385C7DC3B5BD}.Release|Any CPU.Build.0 = Release|Any CPU
		{2EE815EA-9500-48D5-8C7E-50127E53F1F1}.Debug|Any CPU.ActiveCfg = Debug|Any CPU
		{2EE815EA-9500-48D5-8C7E-50127E53F1F1}.Debug|Any CPU.Build.0 = Debug|Any CPU
		{2EE815EA-9500-48D5-8C7E-50127E53F1F1}.Release|Any CPU.ActiveCfg = Release|Any CPU
		{2EE815EA-9500-48D5-8C7E-50127E53F1F1}.Release|Any CPU.Build.0 = Release|Any CPU
	EndGlobalSection
	GlobalSection(SolutionProperties) = preSolution
		HideSolutionNode = FALSE
	EndGlobalSection
	GlobalSection(ExtensibilityGlobals) = postSolution
		SolutionGuid = {CF78B76E-D2A6-41EE-AC92-11DC4E47DAF3}
	EndGlobalSection
EndGlobal
